
Microsoft Visual Studio Solution File, Format Version 12.00
# Visual Studio Version 17
VisualStudioVersion = 17.2.32505.173
MinimumVisualStudioVersion = 10.0.40219.1
Project("{FAE04EC0-301F-11D3-BF4B-00C04F79EFBC}") = "ProjectEiler2", "ProjectEiler2\ProjectEiler2.csproj", "{5524ABE5-14EA-4C4C-ACD6-C49A7745EB50}"
EndProject
Global
	GlobalSection(SolutionConfigurationPlatforms) = preSolution
		Debug|Any CPU = Debug|Any CPU
		Release|Any CPU = Release|Any CPU
	EndGlobalSection
	GlobalSection(ProjectConfigurationPlatforms) = postSolution
		{5524ABE5-14EA-4C4C-ACD6-C49A7745EB50}.Debug|Any CPU.ActiveCfg = Debug|Any CPU
		{5524ABE5-14EA-4C4C-ACD6-C49A7745EB50}.Debug|Any CPU.Build.0 = Debug|Any CPU
		{5524ABE5-14EA-4C4C-ACD6-C49A7745EB50}.Release|Any CPU.ActiveCfg = Release|Any CPU
		{5524ABE5-14EA-4C4C-ACD6-C49A7745EB50}.Release|Any CPU.Build.0 = Release|Any CPU
	EndGlobalSection
	GlobalSection(SolutionProperties) = preSolution
		HideSolutionNode = FALSE
	EndGlobalSection
	GlobalSection(ExtensibilityGlobals) = postSolution
		SolutionGuid = {78646755-A030-4209-B21B-3D4A0756082B}
	EndGlobalSection
EndGlobal
